{
  "lockfileVersion": 1,
  "configVersion": 0,
  "workspaces": {
    "": {
      "name": "bun-react-template",
      "dependencies": {
        "@libsql/client": "^0.17.2",
        "bun-plugin-tailwind": "^0.0.15",
        "daisyui": "^5.5.19",
        "framer-motion": "^12.38.0",
        "lucide-react": "^0.577.0",
        "react": "^19.2.4",
        "react-dom": "^19.2.4",
        "tailwindcss": "^4.2.2",
      },
      "devDependencies": {
        "@types/bun": "latest",
        "@types/react": "^19.2.14",
        "@types/react-dom": "^19.2.3",
      },
    },
  },
  "packages": {
    "@libsql/client": ["@libsql/client@0.17.2", "", { "dependencies": { "@libsql/core": "^0.17.2", "@libsql/hrana-client": "^0.9.0", "js-base64": "^3.7.5", "libsql": "^0.5.28", "promise-limit": "^2.7.0" } }, "sha512-0aw0S3iQMHvOxfRt5j1atoCCPMT3gjsB2PS8/uxSM1DcDn39xqz6RlgSMxtP8I3JsxIXAFuw7S41baLEw0Zi+Q=="],

    "@libsql/core": ["@libsql/core@0.17.2", "", { "dependencies": { "js-base64": "^3.7.5" } }, "sha512-L8qv12HZ/jRBcETVR3rscP0uHNxh+K3EABSde6scCw7zfOdiLqO3MAkJaeE1WovPsjXzsN/JBoZED4+7EZVT3g=="],

    "@libsql/darwin-arm64": ["@libsql/darwin-arm64@0.5.28", "", { "os": "darwin", "cpu": "arm64" }, "sha512-Lc/b8JXO2W2+H+5UXfw7PCHZCim1jlrB0CmLPsjfVmihMluBpdYafFImhjAHxHlWGfuZ32WzjVPUap5fGmkthw=="],

    "@libsql/darwin-x64": ["@libsql/darwin-x64@0.5.28", "", { "os": "darwin", "cpu": "x64" }, "sha512-m1hGkQm8A+CjZmR9D5G3zi36na7GXGJomsMbHwOFiCUYPjqRReD5KZ2HZ/qEAV6U/66xPdDDCuqDB8MzNhiwxA=="],

    "@libsql/hrana-client": ["@libsql/hrana-client@0.9.0", "", { "dependencies": { "@libsql/isomorphic-ws": "^0.1.5", "cross-fetch": "^4.0.0", "js-base64": "^3.7.5", "node-fetch": "^3.3.2" } }, "sha512-pxQ1986AuWfPX4oXzBvLwBnfgKDE5OMhAdR/5cZmRaB4Ygz5MecQybvwZupnRz341r2CtFmbk/BhSu7k2Lm+Jw=="],

    "@libsql/isomorphic-ws": ["@libsql/isomorphic-ws@0.1.5", "", { "dependencies": { "@types/ws": "^8.5.4", "ws": "^8.13.0" } }, "sha512-DtLWIH29onUYR00i0GlQ3UdcTRC6EP4u9w/h9LxpUZJWRMARk6dQwZ6Jkd+QdwVpuAOrdxt18v0K2uIYR3fwFg=="],

    "@libsql/linux-arm-gnueabihf": ["@libsql/linux-arm-gnueabihf@0.5.28", "", { "os": "linux", "cpu": "arm" }, "sha512-D22yQotJkLcYxrwYP9ukoqbpA5hK7pHmho9jagCM/ij7UwjWJPAY2d2SmEndpJs/SueaGy1xuiUQFec4R7VebQ=="],

    "@libsql/linux-arm-musleabihf": ["@libsql/linux-arm-musleabihf@0.5.28", "", { "os": "linux", "cpu": "arm" }, "sha512-Z/aSb2WzZm7TYn/FEqefoN2sJoDhMtCjV8aHw55ibck6mdLLPGMYXxTyWn5U/OZbqD+wiM7eUgdsG20uEzxEoQ=="],

    "@libsql/linux-arm64-gnu": ["@libsql/linux-arm64-gnu@0.5.28", "", { "os": "linux", "cpu": "arm64" }, "sha512-gQGJgmUBdk3qm8rDwvFujzTWipLE4ZNP9fgcdVabVBFmD38wLOU5aZ4F3BHrL1ZWdvsrC8mrtnCTKEGuYHDZIw=="],

    "@libsql/linux-arm64-musl": ["@libsql/linux-arm64-musl@0.5.28", "", { "os": "linux", "cpu": "arm64" }, "sha512-zLlgKyG96DKJ4skFtubHbWuWRUW8YpcjHVyKyJJDIp2USPQKLXfB+rT06OSQIS90Bm3dbfU+9rAlNX0ua0cSvw=="],

    "@libsql/linux-x64-gnu": ["@libsql/linux-x64-gnu@0.5.28", "", { "os": "linux", "cpu": "x64" }, "sha512-ra+fk6FmTl8ma4opxcTJ8JIt3KrSr+TrFCJtgccfg+7HDdGiE5Ys6jIJMqYuYG61Mv40z3lPZxRivBK5sP9o/w=="],

    "@libsql/linux-x64-musl": ["@libsql/linux-x64-musl@0.5.28", "", { "os": "linux", "cpu": "x64" }, "sha512-XXl7lHsZEY8szhfMWoe0tFzKXv52nlDt0kckMmtYb97AkKB0bIcxbgx5zTHGyoXLMMhLvEo33OR7NHvjdDyvjw=="],

    "@libsql/win32-x64-msvc": ["@libsql/win32-x64-msvc@0.5.28", "", { "os": "win32", "cpu": "x64" }, "sha512-KLB4TQKkRdki9Ugbz+X986a1F7IaZUZbPuTfPNFi7slTT+biSw0b/LPJ0tCk7EHyo5QmN8tZ1XLZwI7GgUBsfA=="],

    "@neon-rs/load": ["@neon-rs/load@0.0.4", "", {}, "sha512-kTPhdZyTQxB+2wpiRcFWrDcejc4JI6tkPuS7UZCG4l6Zvc5kU/gGQ/ozvHTh1XR5tS+UlfAfGuPajjzQjCiHCw=="],

    "@types/bun": ["@types/bun@1.3.11", "", { "dependencies": { "bun-types": "1.3.11" } }, "sha512-5vPne5QvtpjGpsGYXiFyycfpDF2ECyPcTSsFBMa0fraoxiQyMJ3SmuQIGhzPg2WJuWxVBoxWJ2kClYTcw/4fAg=="],

    "@types/node": ["@types/node@25.5.0", "", { "dependencies": { "undici-types": "~7.18.0" } }, "sha512-jp2P3tQMSxWugkCUKLRPVUpGaL5MVFwF8RDuSRztfwgN1wmqJeMSbKlnEtQqU8UrhTmzEmZdu2I6v2dpp7XIxw=="],

    "@types/react": ["@types/react@19.2.14", "", { "dependencies": { "csstype": "^3.2.2" } }, "sha512-ilcTH/UniCkMdtexkoCN0bI7pMcJDvmQFPvuPvmEaYA/NSfFTAgdUSLAoVjaRJm7+6PvcM+q1zYOwS4wTYMF9w=="],

    "@types/react-dom": ["@types/react-dom@19.2.3", "", { "peerDependencies": { "@types/react": "^19.2.0" } }, "sha512-jp2L/eY6fn+KgVVQAOqYItbF0VY/YApe5Mz2F0aykSO8gx31bYCZyvSeYxCHKvzHG5eZjc+zyaS5BrBWya2+kQ=="],

    "@types/ws": ["@types/ws@8.18.1", "", { "dependencies": { "@types/node": "*" } }, "sha512-ThVF6DCVhA8kUGy+aazFQ4kXQ7E1Ty7A3ypFOe0IcJV8O/M511G99AW24irKrW56Wt44yG9+ij8FaqoBGkuBXg=="],

    "bun-plugin-tailwind": ["bun-plugin-tailwind@0.0.15", "", { "peerDependencies": { "typescript": "^5.0.0" } }, "sha512-qtAXMNGG4R0UGGI8zWrqm2B7BdXqx48vunJXBPzfDOHPA5WkRUZdTSbE7TFwO4jLhYqSE23YMWsM9NhE6ovobw=="],

    "bun-types": ["bun-types@1.3.11", "", { "dependencies": { "@types/node": "*" } }, "sha512-1KGPpoxQWl9f6wcZh57LvrPIInQMn2TQ7jsgxqpRzg+l0QPOFvJVH7HmvHo/AiPgwXy+/Thf6Ov3EdVn1vOabg=="],

    "cross-fetch": ["cross-fetch@4.1.0", "", { "dependencies": { "node-fetch": "^2.7.0" } }, "sha512-uKm5PU+MHTootlWEY+mZ4vvXoCn4fLQxT9dSc1sXVMSFkINTJVN8cAQROpwcKm8bJ/c7rgZVIBWzH5T78sNZZw=="],

    "csstype": ["csstype@3.2.3", "", {}, "sha512-z1HGKcYy2xA8AGQfwrn0PAy+PB7X/GSj3UVJW9qKyn43xWa+gl5nXmU4qqLMRzWVLFC8KusUX8T/0kCiOYpAIQ=="],

    "daisyui": ["daisyui@5.5.19", "", {}, "sha512-pbFAkl1VCEh/MPCeclKL61I/MqRIFFhNU7yiXoDDRapXN4/qNCoMxeCCswyxEEhqL5eiTTfwHvucFtOE71C9sA=="],

    "data-uri-to-buffer": ["data-uri-to-buffer@4.0.1", "", {}, "sha512-0R9ikRb668HB7QDxT1vkpuUBtqc53YyAwMwGeUFKRojY/NWKvdZ+9UYtRfGmhqNbRkTSVpMbmyhXipFFv2cb/A=="],

    "detect-libc": ["detect-libc@2.0.2", "", {}, "sha512-UX6sGumvvqSaXgdKGUsgZWqcUyIXZ/vZTrlRT/iobiKhGL0zL4d3osHj3uqllWJK+i+sixDS/3COVEOFbupFyw=="],

    "fetch-blob": ["fetch-blob@3.2.0", "", { "dependencies": { "node-domexception": "^1.0.0", "web-streams-polyfill": "^3.0.3" } }, "sha512-7yAQpD2UMJzLi1Dqv7qFYnPbaPx7ZfFK6PiIxQ4PfkGPyNyl2Ugx+a/umUonmKqjhM4DnfbMvdX6otXq83soQQ=="],

    "formdata-polyfill": ["formdata-polyfill@4.0.10", "", { "dependencies": { "fetch-blob": "^3.1.2" } }, "sha512-buewHzMvYL29jdeQTVILecSaZKnt/RJWjoZCF5OW60Z67/GmSLBkOFM7qh1PI3zFNtJbaZL5eQu1vLfazOwj4g=="],

    "framer-motion": ["framer-motion@12.38.0", "", { "dependencies": { "motion-dom": "^12.38.0", "motion-utils": "^12.36.0", "tslib": "^2.4.0" }, "peerDependencies": { "@emotion/is-prop-valid": "*", "react": "^18.0.0 || ^19.0.0", "react-dom": "^18.0.0 || ^19.0.0" }, "optionalPeers": ["@emotion/is-prop-valid", "react", "react-dom"] }, "sha512-rFYkY/pigbcswl1XQSb7q424kSTQ8q6eAC+YUsSKooHQYuLdzdHjrt6uxUC+PRAO++q5IS7+TamgIw1AphxR+g=="],

    "js-base64": ["js-base64@3.7.8", "", {}, "sha512-hNngCeKxIUQiEUN3GPJOkz4wF/YvdUdbNL9hsBcMQTkKzboD7T/q3OYOuuPZLUE6dBxSGpwhk5mwuDud7JVAow=="],

    "libsql": ["libsql@0.5.28", "", { "dependencies": { "@neon-rs/load": "^0.0.4", "detect-libc": "2.0.2" }, "optionalDependencies": { "@libsql/darwin-arm64": "0.5.28", "@libsql/darwin-x64": "0.5.28", "@libsql/linux-arm-gnueabihf": "0.5.28", "@libsql/linux-arm-musleabihf": "0.5.28", "@libsql/linux-arm64-gnu": "0.5.28", "@libsql/linux-arm64-musl": "0.5.28", "@libsql/linux-x64-gnu": "0.5.28", "@libsql/linux-x64-musl": "0.5.28", "@libsql/win32-x64-msvc": "0.5.28" }, "os": [ "linux", "win32", "darwin", ], "cpu": [ "arm", "x64", "arm64", ] }, "sha512-wKqx9FgtPcKHdPfR/Kfm0gejsnbuf8zV+ESPmltFvsq5uXwdeN9fsWn611DmqrdXj1e94NkARcMA2f1syiAqOg=="],

    "lucide-react": ["lucide-react@0.577.0", "", { "peerDependencies": { "react": "^16.5.1 || ^17.0.0 || ^18.0.0 || ^19.0.0" } }, "sha512-4LjoFv2eEPwYDPg/CUdBJQSDfPyzXCRrVW1X7jrx/trgxnxkHFjnVZINbzvzxjN70dxychOfg+FTYwBiS3pQ5A=="],

    "motion-dom": ["motion-dom@12.38.0", "", { "dependencies": { "motion-utils": "^12.36.0" } }, "sha512-pdkHLD8QYRp8VfiNLb8xIBJis1byQ9gPT3Jnh2jqfFtAsWUA3dEepDlsWe/xMpO8McV+VdpKVcp+E+TGJEtOoA=="],

    "motion-utils": ["motion-utils@12.36.0", "", {}, "sha512-eHWisygbiwVvf6PZ1vhaHCLamvkSbPIeAYxWUuL3a2PD/TROgE7FvfHWTIH4vMl798QLfMw15nRqIaRDXTlYRg=="],

    "node-domexception": ["node-domexception@1.0.0", "", {}, "sha512-/jKZoMpw0F8GRwl4/eLROPA3cfcXtLApP0QzLmUT/HuPCZWyB7IY9ZrMeKw2O/nFIqPQB3PVM9aYm0F312AXDQ=="],

    "node-fetch": ["node-fetch@3.3.2", "", { "dependencies": { "data-uri-to-buffer": "^4.0.0", "fetch-blob": "^3.1.4", "formdata-polyfill": "^4.0.10" } }, "sha512-dRB78srN/l6gqWulah9SrxeYnxeddIG30+GOqK/9OlLVyLg3HPnr6SqOWTWOXKRwC2eGYCkZ59NNuSgvSrpgOA=="],

    "promise-limit": ["promise-limit@2.7.0", "", {}, "sha512-7nJ6v5lnJsXwGprnGXga4wx6d1POjvi5Qmf1ivTRxTjH4Z/9Czja/UCMLVmB9N93GeWOU93XaFaEt6jbuoagNw=="],

    "react": ["react@19.2.4", "", {}, "sha512-9nfp2hYpCwOjAN+8TZFGhtWEwgvWHXqESH8qT89AT/lWklpLON22Lc8pEtnpsZz7VmawabSU0gCjnj8aC0euHQ=="],

    "react-dom": ["react-dom@19.2.4", "", { "dependencies": { "scheduler": "^0.27.0" }, "peerDependencies": { "react": "^19.2.4" } }, "sha512-AXJdLo8kgMbimY95O2aKQqsz2iWi9jMgKJhRBAxECE4IFxfcazB2LmzloIoibJI3C12IlY20+KFaLv+71bUJeQ=="],

    "scheduler": ["scheduler@0.27.0", "", {}, "sha512-eNv+WrVbKu1f3vbYJT/xtiF5syA5HPIMtf9IgY/nKg0sWqzAUEvqY/xm7OcZc/qafLx/iO9FgOmeSAp4v5ti/Q=="],

    "tailwindcss": ["tailwindcss@4.2.2", "", {}, "sha512-KWBIxs1Xb6NoLdMVqhbhgwZf2PGBpPEiwOqgI4pFIYbNTfBXiKYyWoTsXgBQ9WFg/OlhnvHaY+AEpW7wSmFo2Q=="],

    "tr46": ["tr46@0.0.3", "", {}, "sha512-N3WMsuqV66lT30CrXNbEjx4GEwlow3v6rr4mCcv6prnfwhS01rkgyFdjPNBYd9br7LpXV1+Emh01fHnq2Gdgrw=="],

    "tslib": ["tslib@2.8.1", "", {}, "sha512-oJFu94HQb+KVduSUQL7wnpmqnfmLsOA/nAh6b6EH0wCEoK0/mPeXU6c3wKDV83MkOuHPRHtSXKKU99IBazS/2w=="],

    "typescript": ["typescript@5.9.3", "", { "bin": { "tsc": "bin/tsc", "tsserver": "bin/tsserver" } }, "sha512-jl1vZzPDinLr9eUt3J/t7V6FgNEw9QjvBPdysz9KfQDD41fQrC2Y4vKQdiaUpFT4bXlb1RHhLpp8wtm6M5TgSw=="],

    "undici-types": ["undici-types@7.18.2", "", {}, "sha512-AsuCzffGHJybSaRrmr5eHr81mwJU3kjw6M+uprWvCXiNeN9SOGwQ3Jn8jb8m3Z6izVgknn1R0FTCEAP2QrLY/w=="],

    "web-streams-polyfill": ["web-streams-polyfill@3.3.3", "", {}, "sha512-d2JWLCivmZYTSIoge9MsgFCZrt571BikcWGYkjC1khllbTeDlGqZ2D8vD8E/lJa8WGWbb7Plm8/XJYV7IJHZZw=="],

    "webidl-conversions": ["webidl-conversions@3.0.1", "", {}, "sha512-2JAn3z8AR6rjK8Sm8orRC0h/bcl/DqL7tRPdGZ4I1CjdF+EaMLmYxBHyXuKL849eucPFhvBoxMsflfOb8kxaeQ=="],

    "whatwg-url": ["whatwg-url@5.0.0", "", { "dependencies": { "tr46": "~0.0.3", "webidl-conversions": "^3.0.0" } }, "sha512-saE57nupxk6v3HY35+jzBwYa0rKSy0XR8JSxZPwgLr7ys0IBzhGviA1/TUGJLmSVqs8pb9AnvICXEuOHLprYTw=="],

    "ws": ["ws@8.19.0", "", { "peerDependencies": { "bufferutil": "^4.0.1", "utf-8-validate": ">=5.0.2" }, "optionalPeers": ["bufferutil", "utf-8-validate"] }, "sha512-blAT2mjOEIi0ZzruJfIhb3nps74PRWTCz1IjglWEEpQl5XS/UNama6u2/rjFkDDouqr4L67ry+1aGIALViWjDg=="],

    "cross-fetch/node-fetch": ["node-fetch@2.7.0", "", { "dependencies": { "whatwg-url": "^5.0.0" }, "peerDependencies": { "encoding": "^0.1.0" }, "optionalPeers": ["encoding"] }, "sha512-c4FRfUm/dbcWZ7U+1Wq0AwCyFL+3nt2bEw05wfxSz+DWpWsitgmSgYmy2dQdWyKC1694ELPqMs/YzUSNozLt8A=="],
  }
}
